
Microsoft Visual Studio Solution File, Format Version 12.00
# Visual Studio Version 16
VisualStudioVersion = 16.0.30002.166
MinimumVisualStudioVersion = 10.0.40219.1
Project("{9A19103F-16F7-4668-BE54-9A1E7A4F7556}") = "BlazoredCalendar", "BlazoredCalendar\BlazoredCalendar.csproj", "{2B00702A-760C-4DFA-AE53-11A047267ADD}"
EndProject
Global
	GlobalSection(SolutionConfigurationPlatforms) = preSolution
		Debug|Any CPU = Debug|Any CPU
		Release|Any CPU = Release|Any CPU
	EndGlobalSection
	GlobalSection(ProjectConfigurationPlatforms) = postSolution
		{2B00702A-760C-4DFA-AE53-11A047267ADD}.Debug|Any CPU.ActiveCfg = Debug|Any CPU
		{2B00702A-760C-4DFA-AE53-11A047267ADD}.Debug|Any CPU.Build.0 = Debug|Any CPU
		{2B00702A-760C-4DFA-AE53-11A047267ADD}.Release|Any CPU.ActiveCfg = Release|Any CPU
		{2B00702A-760C-4DFA-AE53-11A047267ADD}.Release|Any CPU.Build.0 = Release|Any CPU
	EndGlobalSection
	GlobalSection(SolutionProperties) = preSolution
		HideSolutionNode = FALSE
	EndGlobalSection
	GlobalSection(ExtensibilityGlobals) = postSolution
		SolutionGuid = {A05AD61F-86BE-452F-BBBC-2C9F78631104}
	EndGlobalSection
EndGlobal
